lockfileVersion: '9.0'

settings:
  autoInstallPeers: true
  excludeLinksFromLockfile: false

importers:

  .:
    devDependencies:
      '@commitlint/cli':
        specifier: ^21.2.1
        version: 21.2.1(@types/node@25.6.0)(conventional-commits-filter@6.0.1)(conventional-commits-parser@7.1.2)(typescript@6.0.3)
      '@commitlint/config-conventional':
        specifier: ^21.2.0
        version: 21.2.0
      commit-and-tag-version:
        specifier: ^13.1.2
        version: 13.1.2(conventional-commits-filter@6.0.1)(conventional-commits-parser@7.1.2)
      simple-git-hooks:
        specifier: ^2.13.1
        version: 2.13.1

packages:

  '@babel/code-frame@7.29.7':
    resolution: {integrity: sha512-Aup7aUOfpbAUg2ROOJN6Iw5f9DMBlzu0mIkm/malLQFN/YQgO48wCj0Kxa3sEHJvPVFg7siR+qRInwXd2qhQKw==}
    engines: {node: '>=6.9.0'}

  '@babel/helper-validator-identifier@7.29.7':
    resolution: {integrity: sha512-qehxGkRj55h/ff8EMaJ+cYhyaKlHIxqYDn682wQD7RNp9UujOQsHog2uS0r2vzr4pW+sXf90NeeayjcNaX3fFg==}
    engines: {node: '>=6.9.0'}

  '@commitlint/cli@21.2.1':
    resolution: {integrity: sha512-blsZGe29hJ72VGEFVl72IVYX+1vsfINpjA9yWQA6i7OKD/McGEOXg08sKIRKjFk4JvzhV/9n0l3i6NooPLTNfg==}
    engines: {node: '>=22.12.0'}
    hasBin: true

  '@commitlint/config-conventional@21.2.0':
    resolution: {integrity: sha512-Qf8WRDVcyVd14if6VTWenebxFbKnVnbzPUJjlzjkyJGeHK2xCGd63Dr1XZzj0plXKQb9P0BfOxoc1HVeCo2BWQ==}
    engines: {node: '>=22.12.0'}

  '@commitlint/config-validator@21.2.0':
    resolution: {integrity: sha512-t7AzNHAKeIdo/3NRGwzpufKHsKkPHmFs/56N2Fnsh0/r0rGtnQzTxk6vnFgjaGr4hdSQKNB50/KAhR9Yk4LJKA==}
    engines: {node: '>=22.12.0'}

  '@commitlint/ensure@21.2.0':
    resolution: {integrity: sha512-76IF9vDNS13lAzEEik9eKwzt8f9hYhWiwVXZ2AnyLCz5/f511FsEQ3pw1X3/zSQpdRLQU7i5qDMVKyXi1GWjSg==}
    engines: {node: '>=22.12.0'}

  '@commitlint/execute-rule@21.0.1':
    resolution: {integrity: sha512-RifH+FmImozKBE6mozhF4K3r2RRKP7SMi/Q/zLCmExtp5e05lhHOUYqGBlFBAGNHaZxU/WYw1XuugYK9jQzqnA==}
    engines: {node: '>=22.12.0'}

  '@commitlint/format@21.2.0':
    resolution: {integrity: sha512-c4q64xaav2U83t7k7RyzJerBZurPer7FxUOY0RL5L/6CZijZ7K+s6HIBGIghj0ey1P2+seRX0J9XQYtDued6tg==}
    engines: {node: '>=22.12.0'}

  '@commitlint/is-ignored@21.2.0':
    resolution: {integrity: sha512-4/eB0vBN7L88O/oC4ajAEqi7j2ZfNgxl/+11RfAV9YosejZgDXhY2C9VcHnHJhOzPLoSy5P3Mg/46kqeyJfXKw==}
    engines: {node: '>=22.12.0'}

  '@commitlint/lint@21.2.0':
    resolution: {integrity: sha512-ceO5dp9pLjEZ6y6qbq/uXWXDPykqqlTsyzoQ0NzecpisSJhK3kTy9qzQoPeJuWG/IMNdV1lO0RgmzqoAlSi1uw==}
    engines: {node: '>=22.12.0'}

  '@commitlint/load@21.2.0':
    resolution: {integrity: sha512-RjlzWQqruRwIenJEfZtq7kG97co97nKoHpflE5YnF61tDLXxHPrdWImgzw6VL6MlFyaOcVlk74eBV8ZQmc3oIA==}
    engines: {node: '>=22.12.0'}

  '@commitlint/message@21.2.0':
    resolution: {integrity: sha512-YxGoiXD/HXNXLJPrQwE5poXa+XH0CBEm+mdvbHQP0g6MV/dmJyUFCzPNzZbxL93GvZ70TmtTK0Z0/IBpAqHv8g==}
    engines: {node: '>=22.12.0'}

  '@commitlint/parse@21.2.0':
    resolution: {integrity: sha512-QHWxG4d0PLTF634/AdyZ0MQS+CLn5YOuJlCFhMMlSGKFxzYGUetkHBj18xgBD+6fVzUrA2lrCdi/vlS2f/oYXg==}
    engines: {node: '>=22.12.0'}

  '@commitlint/read@21.2.1':
    resolution: {integrity: sha512-hUW7EJQnNTL0vPOmVMNK4CrnrNBN0nN+JJHReFkdHO5y4iyHeEmTBwuC15OCqUTjxWo7idnH1LftfpWVIaPWIA==}
    engines: {node: '>=22.12.0'}

  '@commitlint/resolve-extends@21.2.0':
    resolution: {integrity: sha512-4O/1j51+79Wth9s/MGxt/5gs0XYLDgNlYpltQfhAvLE0itusLKs9zruxbiNg1oOkmkb9L9L4USYGjEj7n87NxA==}
    engines: {node: '>=22.12.0'}

  '@commitlint/rules@21.2.0':
    resolution: {integrity: sha512-C2yXMNpiB8ETZKfx5JD8+ExgF8vTU1VQMKPSUUYwqKpw9oJWQBrlXBpdU038mj2WPjof7o9UzFpmTyBeGMZwZg==}
    engines: {node: '>=22.12.0'}

  '@commitlint/to-lines@21.0.1':
    resolution: {integrity: sha512-bd1BFII7p1EQZre9Kaj+kKaMFP3cFCdt21K7DItVux9XP5WjLgJ0/Uy1pJJh9aPwVJ6SKg62PxqlZaHI8hQAXw==}
    engines: {node: '>=22.12.0'}

  '@commitlint/top-level@21.2.0':
    resolution: {integrity: sha512-Y5gmQ+KxzqCrBFJfLvFEPvvwD3LDiNZoTT2yeFBm96M8qhmqSzQc5DvX3rheAaAMjyIvMXOCLS/mWfdpONsjyQ==}
    engines: {node: '>=22.12.0'}

  '@commitlint/types@21.2.0':
    resolution: {integrity: sha512-7zVFCDB2reMvJH5dmbKnOQPjZEvjdJTH8jc0U/PIPU1r3/+vf5pD1HlfitV2MWsWXrvu7u39iY1lyLUPOaN0Gw==}
    engines: {node: '>=22.12.0'}

  '@conventional-changelog/git-client@3.1.0':
    resolution: {integrity: sha512-Tqa/gHco2WJWa740NRjOrfKVvzIqxkZpecb8bemaQ8sKM5PXb1UK4uTyTb/1wIqNuOVaDOFxyBdhTIQZn6gdjQ==}
    engines: {node: '>=22'}
    peerDependencies:
      conventional-commits-filter: ^6.0.1
      conventional-commits-parser: ^7.0.1
    peerDependenciesMeta:
      conventional-commits-filter:
        optional: true
      conventional-commits-parser:
        optional: true

  '@conventional-changelog/template@1.2.1':
    resolution: {integrity: sha512-TzlTVpKPjaqW6qOYjQcYUDuGsLCNsvFHVBXkYGTAnf5V37jCWrE5haKNXzz0WZUtVHjrpV76L1buANjwXMfT8w==}
    engines: {node: '>=22'}

  '@nodable/entities@3.0.0':
    resolution: {integrity: sha512-8L9xFeTYKhm49xfIypoe2W5wV1m/3Z58kT+7kR9A8OyFxcPduI4VmxaUMQyKYrRjUoLLSXv6EKKID5Tvj9cUVw==}

  '@simple-libs/child-process-utils@2.0.0':
    resolution: {integrity: sha512-dvNoRKLijXnD0XoJAz94pbNuB5GQgDr55UhpSPhffDkTT0Cmcqh9jSCOtwfT2d4H6MI9E7c4SgtMuJXZ6F3c6A==}
    engines: {node: '>=22'}

  '@simple-libs/hosted-git-info@2.0.0':
    resolution: {integrity: sha512-55XwK/GYgV58PuN8lZFhI1qRxdKoMLJocXl/yM1EPqazFDmM4QWY7q6BxPCPDNKTNunj794DSD4h0H7SrqUdMg==}
    engines: {node: '>=22'}

  '@simple-libs/normalize-package-data@1.0.0':
    resolution: {integrity: sha512-/EOmFBekV9tGee8gac/k+5Ox3twkypNqh5TfxA9vTkmcJkjm6f1xqrlstDNOrEhTvnYyVtU6Du2ZhY/IV1+9GA==}
    engines: {node: '>=22'}

  '@simple-libs/stream-utils@2.0.0':
    resolution: {integrity: sha512-fCTuZK4QBa+39Oz9l4OGfJfz+GpwCp3AqO7Zch3to99xHPgstVsRFpeQ8LNd2o1Gv8raL2mCFwiaHh7bFSp5DQ==}
    engines: {node: '>=22'}

  '@types/node@25.6.0':
    resolution: {integrity: sha512-+qIYRKdNYJwY3vRCZMdJbPLJAtGjQBudzZzdzwQYkEPQd+PJGixUL5QfvCLDaULoLv+RhT3LDkwEfKaAkgSmNQ==}

  ajv@8.20.0:
    resolution: {integrity: sha512-Thbli+OlOj+iMPYFBVBfJ3OmCAnaSyNn4M1vz9T6Gka5Jt9ba/HIR56joy65tY6kx/FCF5VXNB819Y7/GUrBGA==}

  ansi-regex@5.0.1:
    resolution: {integrity: sha512-quJQXlTSUGL2LH9SUXo8VwsY4soanhgo6LNSm84E1LBcE8s3O0wpdiRzyR9z/ZZJMlMWv37qOOb9pdJlMUEKFQ==}
    engines: {node: '>=8'}

  ansi-regex@6.2.2:
    resolution: {integrity: sha512-Bq3SmSpyFHaWjPk8If9yc6svM8c56dB5BAtW4Qbw5jHTwwXXcTLoRMkpDJp6VL0XzlWaCHTXrkFURMYmD0sLqg==}
    engines: {node: '>=12'}

  ansi-styles@4.3.0:
    resolution: {integrity: sha512-zbB9rCJAT1rbjiVDb2hqKFHNYLxgtk8NURxZ3IZwD3F6NtxbXZQCnnSi1Lkx+IDohdPlFp222wVALIheZJQSEg==}
    engines: {node: '>=8'}

  ansi-styles@6.2.3:
    resolution: {integrity: sha512-4Dj6M28JB+oAH8kFkTLUo+a2jwOFkuqb3yucU0CANcRRUbxS0cP0nZYCGjcc3BNXwRIsUVmDGgzawme7zvJHvg==}
    engines: {node: '>=12'}

  anynum@1.0.1:
    resolution: {integrity: sha512-N6//FLET/tXYNM/F6ABca1oH6fWB+KlTt909Le28WMDBk8oaT4vY17DCrwg2MvmuqUKt3Ni4N5dGJ/EoBgcO6A==}

  argparse@2.0.1:
    resolution: {integrity: sha512-8+9WqebbFzpX9OR+Wa6O29asIogeRMzcGtAINdpMHHyAg10f05aSFVBbcEqGf/PXw1EjAZ+q2/bEBg3DvurK3Q==}

  argue-cli@3.1.0:
    resolution: {integrity: sha512-DhBpBfXL4SS2uC0N922MMajKR3CdrTG0u2or1PNYgXMsrSzViJrbtvT0nCLlLGUI0plam/ZZCs7aAauHtW9thw==}
    engines: {node: '>=22'}

  balanced-match@1.0.2:
    resolution: {integrity: sha512-3oSeUO0TMV67hN1AmbXsK4yaqU7tjiHlbxRDZOpH0KW9+CeX4bRAaX0Anxt0tx2MrpRpWwQaPwIlISEJhYU5Pw==}

  brace-expansion@1.1.18:
    resolution: {integrity: sha512-Edep/X9fGqVNmzKBVsDYIOtD+z1tuezV70LBjdCst9Tqu76lsnvRiZ6oTic1n+/BIwX6QDGAO94PN4N2SADvtw==}

  callsites@3.1.0:
    resolution: {integrity: sha512-P8BjAsXvZS+VIDUI11hHCQEv74YT67YUi5JJFNWIqL235sBmjX4+qx9Muvls5ivyNENctx46xQLQ3aTuE7ssaQ==}
    engines: {node: '>=6'}

  chalk@5.6.2:
    resolution: {integrity: sha512-7NzBL0rN6fMUW+f7A6Io4h40qQlG+xGmtMxfbnH/K7TAtt8JQWVQK+6g0UXKMeVJoyV5EkkNsErQ8pVD3bLHbA==}
    engines: {node: ^12.17.0 || ^14.13 || >=16.0.0}

  cliui@8.0.1:
    resolution: {integrity: sha512-BSeNnyus75C4//NQ9gQt1/csTXyo/8Sb+afLAkzAptFuMsod9HFokGNudZpi/oQV73hnVK+sR+5PVRMd+Dr7YQ==}
    engines: {node: '>=12'}

  cliui@9.0.1:
    resolution: {integrity: sha512-k7ndgKhwoQveBL+/1tqGJYNz097I7WOvwbmmU2AR5+magtbjPWQTS1C5vzGkBC8Ym8UWRzfKUzUUqFLypY4Q+w==}
    engines: {node: '>=20'}

  color-convert@2.0.1:
    resolution: {integrity: sha512-RRECPsj7iu/xb5oKYcsFHSppFNnsj/52OVTRKb4zP5onXwVF3zVmmToNcOfGC+CRDpfK/U584fMg38ZHCaElKQ==}
    engines: {node: '>=7.0.0'}

  color-name@1.1.4:
    resolution: {integrity: sha512-dOy+3AuW3a2wNbZHIuMZpTcgjGuLU/uBL/ubcZF9OXbDo8ff4O8yVp5Bf0efS8uEoYo5q4Fx7dY9OgQGXgAsQA==}

  commit-and-tag-version@13.1.2:
    resolution: {integrity: sha512-NEBJycEVXM6XExM7k9WunQAIMccFAHv3/ZtmA2s4L0VI0P6srUwrbCoNbE+Exo2B86agc9/NVty4m3PAxGPgTA==}
    engines: {node: '>=22'}
    hasBin: true

  concat-map@0.0.1:
    resolution: {integrity: sha512-/Srv4dswyQNBfohGpz9o6Yb3Gz3SrUDqBH5rTuhGR7ahtlbYKnVxw2bCFMRljaA7EXHaXZ8wsHdodFvbkhKmqg==}

  conventional-changelog-angular@9.2.1:
    resolution: {integrity: sha512-oWSL6ZhnXbYraOFTK3PgRAQJ8fADDAEv5K6AdeyQPLvjFmhG8+ejL0jZZp/R7vTmGJaBvZEE+sE7dB4bCv7sAw==}
    engines: {node: '>=22'}

  conventional-changelog-config-spec@2.1.0:
    resolution: {integrity: sha512-IpVePh16EbbB02V+UA+HQnnPIohgXvJRxHcS5+Uwk4AT5LjzCZJm5sp/yqs5C6KZJ1jMsV4paEV13BN1pvDuxQ==}

  conventional-changelog-conventionalcommits@10.2.1:
    resolution: {integrity: sha512-n4Kr1HFMTf3iMbES0TMxKIcYtUUv4rKqyQQp2JwfOEfFCOfGT3Tq4mCyJ8S9/YPyWhydjfKrrvnyl+gCjA+mJQ==}
    engines: {node: '>=22'}

  conventional-changelog-preset-loader@6.0.1:
    resolution: {integrity: sha512-GZ8E3RQzXQb3JFy0pKl8oeSf7ENIhvAMvJr+PlWkavZOesLHHdhkfNJ4SvW35eo1Fu2+EyVxWQ1tVvtzAG2iWg==}
    engines: {node: '>=22'}

  conventional-changelog-writer@9.2.0:
    resolution: {integrity: sha512-eACD5BaAQCYjeI3RExkCZopNaaIuXzCP4kaAb2lEFXcGa/KOuxJfj8v/SnjhvF6377pYn0A2Gji+6GhwUK8rEA==}
    engines: {node: '>=22'}
    hasBin: true

  conventional-changelog@8.1.0:
    resolution: {integrity: sha512-idt1JK+3+Nt7gqH/d/sEYWdDeR+5XPov/jssmFN6XxmYSRlonTWSDWhWUPkmm0zbwYjtVdt+4My5aiPkKyvocw==}
    engines: {node: '>=22'}
    hasBin: true

  conventional-commits-filter@6.0.1:
    resolution: {integrity: sha512-cs+LadpH7Kpw0M3k8wurk+sOVVDAENA0iK4OBOrkL94j5lEVYRJ4j3zd2bhY9qgzyrPqthdcYT3axzRN7AliMg==}
    engines: {node: '>=22'}

  conventional-commits-parser@7.1.2:
    resolution: {integrity: sha512-O+x4N2yH+ijvqWlIyTHsXTAP+algNWgGbjY2duCe8w2vUMvUB95cLRslCPfTMQyLAKlet3bhZTdu6ozn4M+QJQ==}
    engines: {node: '>=22'}
    hasBin: true

  conventional-recommended-bump@12.1.0:
    resolution: {integrity: sha512-HTNG3kEZXOOfKwrEx54ljURU9bG4nVPQzXMyCSeUcA/PE8EpNpQNujSrbXNBI8QZyN35zM+pVw+FuQk4KqHSHg==}
    engines: {node: '>=22'}
    hasBin: true

  cosmiconfig-typescript-loader@6.3.0:
    resolution: {integrity: sha512-Akr82WH1Wfqatyiqpj8HDkO2o2KmJRu1FhKfSNJP3K4IdXwHfEyL7MOb62i1AGQVLtIQM+iCE9CGOtrfhR+mmA==}
    engines: {node: '>=v18'}
    peerDependencies:
      '@types/node': '*'
      cosmiconfig: '>=9'
      typescript: '>=5'

  cosmiconfig@9.0.2:
    resolution: {integrity: sha512-gtTZxTDau1wL7Y7zifc2dd8jHSK/k6BTx/2Xp/BpdlAdnlYWFVt7qhJqgwi7637yRwRQ3qL4ZidbB4I8tA5VOg==}
    engines: {node: '>=14'}
    peerDependencies:
      typescript: '>=4.9.5'
    peerDependenciesMeta:
      typescript:
        optional: true

  detect-indent@7.0.2:
    resolution: {integrity: sha512-y+8xyqdGLL+6sh0tVeHcfP/QDd8gUgbasolJJpY7NgeQGSZ739bDtSiaiDgtoicy+mtYB81dKLxO9xRhCyIB3A==}
    engines: {node: '>=12.20'}

  detect-newline@3.1.0:
    resolution: {integrity: sha512-TLz+x/vEXm/Y7P7wn1EJFNLxYpUD4TgMosxY6fAVJUnJMbupHBOncxyWUG9OpTaH9EBD7uFI5LfEgmMOc54DsA==}
    engines: {node: '>=8'}

  dotgitignore@2.1.0:
    resolution: {integrity: sha512-sCm11ak2oY6DglEPpCB8TixLjWAxd3kJTs6UIcSasNYxXdFPV+YKlye92c8H4kKFqV5qYMIh7d+cYecEg0dIkA==}
    engines: {node: '>=6'}

  emoji-regex@10.6.0:
    resolution: {integrity: sha512-toUI84YS5YmxW219erniWD0CIVOo46xGKColeNQRgOzDorgBi1v4D71/OFzgD9GO2UGKIv1C3Sp8DAn0+j5w7A==}

  emoji-regex@8.0.0:
    resolution: {integrity: sha512-MSjYzcWNOA0ewAHpz0MxpYFvwg6yjy1NG3xteoqz644VCo/RPgnr1/GGt+ic3iJTzQ8Eu3TdM14SawnVUmGE6A==}

  env-paths@2.2.1:
    resolution: {integrity: sha512-+h1lkLKhZMTYjog1VEpJNG7NZJWcuc2DDk/qsqSTRRCOXiLjeQ1d1/udrUGhqMxUgAlwKNZ0cf2uqan5GLuS2A==}
    engines: {node: '>=6'}

  error-ex@1.3.4:
    resolution: {integrity: sha512-sqQamAnR14VgCr1A618A3sGrygcpK+HEbenA/HiEAkkUwcZIIB/tgWqHFxWgOyDh4nB4JCRimh79dR5Ywc9MDQ==}

  es-toolkit@1.50.0:
    resolution: {integrity: sha512-OyZKhUVvEep9ITEiwHn8GKnMRQIVqoSIX7WnRbkWgJkllCujilqP2rD0u979tkl8wqyc8ICwlc1UBVv/Sl1G6w==}

  escalade@3.2.0:
    resolution: {integrity: sha512-WUj2qlxaQtO4g6Pq5c29GTcWGDyd8itL8zTlipgECz3JesAiiOKotd8JU6otB3PACgG6xkJUyVhboMS+bje/jA==}
    engines: {node: '>=6'}

  escape-string-regexp@1.0.5:
    resolution: {integrity: sha512-vbRorB5FUQWvla16U8R/qgaFIya2qGzwDrNmCZuYKrbdSUMG6I1ZCGQRefkRVhuOkIGVne7BQ35DSfo1qvJqFg==}
    engines: {node: '>=0.8.0'}

  fast-deep-equal@3.1.3:
    resolution: {integrity: sha512-f3qQ9oQy9j2AhBe/H9VC91wLmKBCCU/gDOnKNAYG5hswO7BLKj09Hc5HYNz9cGI++xlpDCIgDaitVs03ATR84Q==}

  fast-uri@3.1.5:
    resolution: {integrity: sha512-gHwA1O9LDIcKunMKhObS/HimwtehO1nPUECKAu5TpKgaO19fcWEl4bliWe1jWxVFvIXztJjjQ4L8XQ1EU9f7Jw==}

  fast-xml-builder@1.3.0:
    resolution: {integrity: sha512-F74cZEdCvuw9P41GAC3rod4X04jjWGM1JPEv/GWSqFTWLsdyMSBMBMlm9Hk3GLBgLBbdBNY8yee0pQh2RBVESQ==}

  fast-xml-parser@5.10.1:
    resolution: {integrity: sha512-IEMIf7298kXuZSRFoGfMYrl7is8LpavODgbNz1cwIudv7KwVFnuU+UsMporfq6PD6aXSlawZlARiA3UywCTfMw==}
    hasBin: true

  fd-package-json@2.0.0:
    resolution: {integrity: sha512-jKmm9YtsNXN789RS/0mSzOC1NUq9mkVd65vbSSVsKdjGvYXBuE4oWe2QOEoFeRmJg+lPuZxpmrfFclNhoRMneQ==}

  figures@3.2.0:
    resolution: {integrity: sha512-yaduQFRKLXYOGgEn6AZau90j3ggSOyiqXU0F9JZfeXYhNa+Jk4X+s45A2zg5jns87GAFa34BBm2kXw4XpNcbdg==}
    engines: {node: '>=8'}

  find-up@3.0.0:
    resolution: {integrity: sha512-1yD6RmLI1XBfxugvORwlck6f75tYL+iR0jqwsOrOxMZyGYqUuDhJ0l4AXdO1iX/FTs9cBAMEk1gWSEx1kSbylg==}
    engines: {node: '>=6'}

  find-up@5.0.0:
    resolution: {integrity: sha512-78/PXT1wlLLDgTzDs7sjq9hzz0vXD+zn+7wypEe4fXQxCmdmqfGsEPQxmiCSQI3ajFV91bVSsvNtrJRiW6nGng==}
    engines: {node: '>=10'}

  get-caller-file@2.0.5:
    resolution: {integrity: sha512-DyFP3BM/3YHTQOCUL/w0OZHR0lpKeGrxotcHWcqNEdnltqFwXVfhEBQ94eIo34AfQpo0rGki4cyIiftY06h2Fg==}
    engines: {node: 6.* || 8.* || >= 10.*}

  get-east-asian-width@1.6.0:
    resolution: {integrity: sha512-QRbvDIbx6YklUe6RxeTeleMR0yv3cYH6PsPZHcnVn7xv7zO1BHN8r0XETu8n6Ye3Q+ahtSarc3WgtNWmehIBfA==}
    engines: {node: '>=18'}

  global-directory@5.0.0:
    resolution: {integrity: sha512-1pgFdhK3J2LeM+dVf2Pd424yHx2ou338lC0ErNP2hPx4j8eW1Sp0XqSjNxtk6Tc4Kr5wlWtSvz8cn2yb7/SG/w==}
    engines: {node: '>=20'}

  import-fresh@3.3.1:
    resolution: {integrity: sha512-TR3KfrTZTYLPB6jUjfx6MF9WcWrHL9su5TObK4ZkYgBdWKPOFoSoQIdEuTuR82pmtxH2spWG9h6etwfr1pLBqQ==}
    engines: {node: '>=6'}

  ini@6.0.0:
    resolution: {integrity: sha512-IBTdIkzZNOpqm7q3dRqJvMaldXjDHWkEDfrwGEQTs5eaQMWV+djAhR+wahyNNMAa+qpbDUhBMVt4ZKNwpPm7xQ==}
    engines: {node: ^20.17.0 || >=22.9.0}

  is-arrayish@0.2.1:
    resolution: {integrity: sha512-zz06S8t0ozoDXMG+ube26zeCTNXcKIPJZJi8hBrF4idCLms4CG9QtK7qBl1boi5ODzFpjswb5JPmHCbMpjaYzg==}

  is-fullwidth-code-point@3.0.0:
    resolution: {integrity: sha512-zymm5+u+sCsSWyD9qNaejV3DFvhCKclKdizYaJUuHA83RLjb7nSuGnddCHGv0hk+KY7BMAlsWeK4Ueg6EV6XQg==}
    engines: {node: '>=8'}

  is-plain-obj@4.1.0:
    resolution: {integrity: sha512-+Pgi+vMuUNkJyExiMBt5IlFoMyKnr5zhJ4Uspz58WOhBF5QoIZkFyNHIbBAtHwzVAgk5RtndVNsDRN61/mmDqg==}
    engines: {node: '>=12'}

  is-unsafe@2.0.0:
    resolution: {integrity: sha512-2LdV822R+wmI86unXA93WCFpL6g+av8ynWk0nrHyJqGop5VoocYsSLFgN8jrfalT6iGeLNM4KXuVSsULP53kEA==}

  jiti@2.6.1:
    resolution: {integrity: sha512-ekilCSN1jwRvIbgeg/57YFh8qQDNbwDb9xT/qu2DAHbFFZUicIl4ygVaAvzveMhMVr3LnpSKTNnwt8PoOfmKhQ==}
    hasBin: true

  js-tokens@4.0.0:
    resolution: {integrity: sha512-RdJUflcE3cUzKiMqQgsCu06FPu9UdIJO0beYbPhHN4k6apgJtifcoCtT9bcxOpYBtpD2kCM6Sbzg4CausW/PKQ==}

  js-yaml@4.3.1:
    resolution: {integrity: sha512-CY6crGq313MX8GkwvB7tzgp99vjQxY1++5y10/BKN/GUfHqWaOGQMNZkBvqSzsZKWk/ijwHlWzzkLulsGHhjWQ==}
    hasBin: true

  json-parse-even-better-errors@2.3.1:
    resolution: {integrity: sha512-xyFwyhro/JEof6Ghe2iz2NcXoj2sloNsWr/XsERDK/oiPCfaNhl5ONfp+jQdAZRQQ0IJWNzH9zIZF7li91kh2w==}

  json-schema-traverse@1.0.0:
    resolution: {integrity: sha512-NM8/P9n3XjXhIZn1lLhkFaACTOURQXjWhV4BA/RnOv8xvgqtqpAX9IO4mRQxSx1Rlo4tqzeqb0sOlruaOy3dug==}

  lines-and-columns@1.2.4:
    resolution: {integrity: sha512-7ylylesZQ/PV29jhEDl3Ufjo6ZX7gCqJr5F7PKrqc93v7fzSymt1BpwEU8nAUXs8qzzvqhbjhK5QZg6Mt/HkBg==}

  locate-path@3.0.0:
    resolution: {integrity: sha512-7AO748wWnIhNqAuaty2ZWHkQHRSNfPVIsPIfwEOWO22AmaoVrWavlOcMR5nzTLNYvp36X220/maaRsrec1G65A==}
    engines: {node: '>=6'}

  locate-path@6.0.0:
    resolution: {integrity: sha512-iPZK6eYjbxRu3uB4/WZ3EsEIMJFMqAoopl3R+zuq0UjcAm/MO6KCweDgPfP3elTztoKP3KtnVHxTn2NHBSDVUw==}
    engines: {node: '>=10'}

  minimatch@3.1.5:
    resolution: {integrity: sha512-VgjWUsnnT6n+NUk6eZq77zeFdpW2LWDzP6zFGrCbHXiYNul5Dzqk2HHQ5uFH2DNW5Xbp8+jVzaeNt94ssEEl4w==}

  p-limit@2.3.0:
    resolution: {integrity: sha512-//88mFWSJx8lxCzwdAABTJL2MyWB12+eIY7MDL2SqLmAkeKU9qxRvWuSyTjm3FUmpBEMuFfckAIqEaVGUDxb6w==}
    engines: {node: '>=6'}

  p-limit@3.1.0:
    resolution: {integrity: sha512-TYOanM3wGwNGsZN2cVTYPArw454xnXj5qmWF1bEoAc4+cU/ol7GVh7odevjp1FNHduHc3KZMcFduxU5Xc6uJRQ==}
    engines: {node: '>=10'}

  p-locate@3.0.0:
    resolution: {integrity: sha512-x+12w/To+4GFfgJhBEpiDcLozRJGegY+Ei7/z0tSLkMmxGZNybVMSfWj9aJn8Z5Fc7dBUNJOOVgPv2H7IwulSQ==}
    engines: {node: '>=6'}

  p-locate@5.0.0:
    resolution: {integrity: sha512-LaNjtRWUBY++zB5nE/NwcaoMylSPk+S+ZHNB1TzdbMJMny6dynpAGt7X/tl/QYq3TIeE6nxHppbo2LGymrG5Pw==}
    engines: {node: '>=10'}

  p-try@2.2.0:
    resolution: {integrity: sha512-R4nPAVTAU0B9D35/Gk3uJf/7XYbQcyohSKdvAxIRSNghFl4e71hVoGnBNQz9cWaXxO2I10KTC+3jMdvvoKw6dQ==}
    engines: {node: '>=6'}

  parent-module@1.0.1:
    resolution: {integrity: sha512-GQ2EWRpQV8/o+Aw8YqtfZZPfNRWZYkbidE9k5rpl/hC3vtHHBfGm2Ifi6qWV+coDGkrUKZAxE3Lot5kcsRlh+g==}
    engines: {node: '>=6'}

  parse-json@5.2.0:
    resolution: {integrity: sha512-ayCKvm/phCGxOkYRSCM82iDwct8/EonSEgCSxWxD7ve6jHggsFl4fZVQBPRNgQoKiuV/odhFrGzQXZwbifC8Rg==}
    engines: {node: '>=8'}

  path-exists@3.0.0:
    resolution: {integrity: sha512-bpC7GYwiDYQ4wYLe+FA8lhRjhQCMcQGuSgGGqDkg/QerRWw9CmGRT0iSOVRSZJ29NMLZgIzqaljJ63oaL4NIJQ==}
    engines: {node: '>=4'}

  path-exists@4.0.0:
    resolution: {integrity: sha512-ak9Qy5Q7jYb2Wwcey5Fpvg2KoAc/ZIhLSLOSBmRmygPsGwkVVt0fZa0qrtMz+m6tJTAHfZQ8FnmB4MG4LWy7/w==}
    engines: {node: '>=8'}

  path-expression-matcher@1.6.2:
    resolution: {integrity: sha512-enSlaiat05iasnzmgNxRj8reFdj3puY2QpNgP1aPIaVfT6nn9ICuPoFlKHk8EN22HcwewshO+mN2DGbkCEOtqQ==}
    engines: {node: '>=14.0.0'}

  picocolors@1.1.1:
    resolution: {integrity: sha512-xceH2snhtb5M9liqDsmEw56le376mTZkEX/jEb/RxNFyegNul7eNslCXP9FDj/Lcu0X8KEyMceP2ntpaHrDEVA==}

  require-directory@2.1.1:
    resolution: {integrity: sha512-fGxEI7+wsG9xrvdjsrlmL22OMTTiHRwAMroiEeMgq8gzoLC/PQr7RsRDSTLUg/bZAZtF+TVIkHc6/4RIKrui+Q==}
    engines: {node: '>=0.10.0'}

  require-from-string@2.0.2:
    resolution: {integrity: sha512-Xf0nWe6RseziFMu+Ap9biiUbmplq6S9/p+7w7YXP/JBHhrUDDUhwa+vANyubuqfZWTveU//DYVGsDG7RKL/vEw==}
    engines: {node: '>=0.10.0'}

  resolve-from@4.0.0:
    resolution: {integrity: sha512-pb/MYmXstAkysRFx8piNI1tGFNQIFA3vkE3Gq4EuA1dF6gHp/+vgZqsCGJapvy8N3Q+4o7FwvquPJcnZ7RYy4g==}
    engines: {node: '>=4'}

  resolve-from@5.0.0:
    resolution: {integrity: sha512-qYg9KP24dD5qka9J47d0aVky0N+b4fTU89LN9iDnjB5waksiC49rvMB0PrUJQGoTmH50XPiqOvAjDfaijGxYZw==}
    engines: {node: '>=8'}

  semver@7.8.5:
    resolution: {integrity: sha512-Y7/KDsb8LjooZpwaqGyulO6DQlksgCncchHGk+sZIY4SBvUocMBEFH5Ur1fI4dV+Jvl0w6cjvucaIi40puRioA==}
    engines: {node: '>=10'}
    hasBin: true

  simple-git-hooks@2.13.1:
    resolution: {integrity: sha512-WszCLXwT4h2k1ufIXAgsbiTOazqqevFCIncOuUBZJ91DdvWcC5+OFkluWRQPrcuSYd8fjq+o2y1QfWqYMoAToQ==}
    hasBin: true

  string-width@4.2.3:
    resolution: {integrity: sha512-wKyQRQpjJ0sIp62ErSZdGsjMJWsap5oRNihHhu6G7JVO/9jIB6UyevL+tXuOqrng8j/cxKTWyWUwvSTriiZz/g==}
    engines: {node: '>=8'}

  string-width@7.2.0:
    resolution: {integrity: sha512-tsaTIkKW9b4N+AEj+SVA+WhJzV7/zMhcSu78mLKWSk7cXMOSHsBKFWUs0fWwq8QyK3MgJBQRX6Gbi4kYbdvGkQ==}
    engines: {node: '>=18'}

  string-width@8.2.2:
    resolution: {integrity: sha512-GaPUh5gfdrYzqeVNZvUfT23vYYxXzKYidUcnMtJg/3rxRV63EFZy3k6xfKlmfeJD0176lnUV/Usr3XcwSvFzpg==}
    engines: {node: '>=20'}

  strip-ansi@6.0.1:
    resolution: {integrity: sha512-Y38VPSHcqkFrCpFnQ9vuSXmquuv5oXOKpGeT6aGrr3o3Gc9AlVa6JBfUSOCnbxGGZF+/0ooI7KrPuUSztUdU5A==}
    engines: {node: '>=8'}

  strip-ansi@7.2.0:
    resolution: {integrity: sha512-yDPMNjp4WyfYBkHnjIRLfca1i6KMyGCtsVgoKe/z1+6vukgaENdgGBZt+ZmKPc4gavvEZ5OgHfHdrazhgNyG7w==}
    engines: {node: '>=12'}

  strnum@2.4.1:
    resolution: {integrity: sha512-M9eUSMT2dCB2cTNPG7UYj6KuK7RJR2SN2+yCV/fTW3xzTCS6EaGZ5pSMgDIjB7r8zSfTGk+dvvn9rTjpVS9Mwg==}

  tinyexec@1.3.0:
    resolution: {integrity: sha512-QKAl9m8gWWGHV8jZcPeym6j+XULi6tOf1mT83WYJ4Lk2ytW/uwAWkrP0uFsdoYMdueVJ0qs26wZ+23xeB4ibNQ==}
    engines: {node: '>=18'}

  typescript@6.0.3:
    resolution: {integrity: sha512-y2TvuxSZPDyQakkFRPZHKFm+KKVqIisdg9/CZwm9ftvKXLP8NRWj38/ODjNbr43SsoXqNuAisEf1GdCxqWcdBw==}
    engines: {node: '>=14.17'}
    hasBin: true

  undici-types@7.19.2:
    resolution: {integrity: sha512-qYVnV5OEm2AW8cJMCpdV20CDyaN3g0AjDlOGf1OW4iaDEx8MwdtChUp4zu4H0VP3nDRF/8RKWH+IPp9uW0YGZg==}

  walk-up-path@4.0.0:
    resolution: {integrity: sha512-3hu+tD8YzSLGuFYtPRb48vdhKMi0KQV5sn+uWr8+7dMEq/2G/dtLrdDinkLjqq5TIbIBjYJ4Ax/n3YiaW7QM8A==}
    engines: {node: 20 || >=22}

  wrap-ansi@7.0.0:
    resolution: {integrity: sha512-YVGIj2kamLSTxw6NsZjoBxfSwsn0ycdesmc4p+Q21c5zPuZ1pl+NfxVdxPtdHvmNVOQ6XSYG4AUtyt/Fi7D16Q==}
    engines: {node: '>=10'}

  wrap-ansi@9.0.2:
    resolution: {integrity: sha512-42AtmgqjV+X1VpdOfyTGOYRi0/zsoLqtXQckTmqTeybT+BDIbM/Guxo7x3pE2vtpr1ok6xRqM9OpBe+Jyoqyww==}
    engines: {node: '>=18'}

  xml-naming@0.3.0:
    resolution: {integrity: sha512-ghig2TBE/H11aOVgmahA3MhimvkBr6JIYknH/Dhdk10nXwdbIqBJsbfMxpvFPG8bAw77gN29aQWvKpmVoPlvPQ==}
    engines: {node: '>=16.0.0'}

  y18n@5.0.8:
    resolution: {integrity: sha512-0pfFzegeDWJHJIAmTLRP2DwHjdF5s7jo9tuztdQxAhINCdvS+3nGINqPd00AphqJR/0LhANUS6/+7SCb98YOfA==}
    engines: {node: '>=10'}

  yaml@2.9.0:
    resolution: {integrity: sha512-2AvhNX3mb8zd6Zy7INTtSpl1F15HW6Wnqj0srWlkKLcpYl/gMIMJiyuGq2KeI2YFxUPjdlB+3Lc10seMLtL4cA==}
    engines: {node: '>= 14.6'}
    hasBin: true

  yargs-parser@21.1.1:
    resolution: {integrity: sha512-tVpsJW7DdjecAiFpbIB1e3qxIQsE6NoPc5/eTdrbbIC4h0LVsWhnoa3g+m2HclBIujHzsxZ4VJVA+GUuc2/LBw==}
    engines: {node: '>=12'}

  yargs-parser@22.0.0:
    resolution: {integrity: sha512-rwu/ClNdSMpkSrUb+d6BRsSkLUq1fmfsY6TOpYzTwvwkg1/NRG85KBy3kq++A8LKQwX6lsu+aWad+2khvuXrqw==}
    engines: {node: ^20.19.0 || ^22.12.0 || >=23}

  yargs@17.7.3:
    resolution: {integrity: sha512-GZtjxm/J/4TSxuL3FNYjCmLktBTnIw/rVmKSIyKeYAZpmJB2ig9VauCC5xsa82GNKVKDAqpOn3KVzNt0zmrU0g==}
    engines: {node: '>=12'}

  yargs@18.1.0:
    resolution: {integrity: sha512-2rAgRKu54VsHkqI0/tYkmluGXHD4KW7yZoycuqDQ15QOTnc2VVfy0nN/1eMhnQLO00A+dwtK20xuCnc1YGeUyg==}
    engines: {node: ^20.19.0 || ^22.12.0 || >=23}

  yocto-queue@0.1.0:
    resolution: {integrity: sha512-rVksvsnNCdJ/ohGc6xgPwyN8eheCxsiLM8mxuE/t/mOVqJewPuO1miLpTHQiRgTKCLexL4MeAFVagts7HmNZ2Q==}
    engines: {node: '>=10'}

snapshots:

  '@babel/code-frame@7.29.7':
    dependencies:
      '@babel/helper-validator-identifier': 7.29.7
      js-tokens: 4.0.0
      picocolors: 1.1.1

  '@babel/helper-validator-identifier@7.29.7': {}

  '@commitlint/cli@21.2.1(@types/node@25.6.0)(conventional-commits-filter@6.0.1)(conventional-commits-parser@7.1.2)(typescript@6.0.3)':
    dependencies:
      '@commitlint/config-conventional': 21.2.0
      '@commitlint/format': 21.2.0
      '@commitlint/lint': 21.2.0
      '@commitlint/load': 21.2.0(@types/node@25.6.0)(typescript@6.0.3)
      '@commitlint/read': 21.2.1(conventional-commits-filter@6.0.1)(conventional-commits-parser@7.1.2)
      '@commitlint/types': 21.2.0
      tinyexec: 1.3.0
      yargs: 18.1.0
    transitivePeerDependencies:
      - '@types/node'
      - conventional-commits-filter
      - conventional-commits-parser
      - typescript

  '@commitlint/config-conventional@21.2.0':
    dependencies:
      '@commitlint/types': 21.2.0
      conventional-changelog-conventionalcommits: 10.2.1

  '@commitlint/config-validator@21.2.0':
    dependencies:
      '@commitlint/types': 21.2.0
      ajv: 8.20.0

  '@commitlint/ensure@21.2.0':
    dependencies:
      '@commitlint/types': 21.2.0
      es-toolkit: 1.50.0

  '@commitlint/execute-rule@21.0.1': {}

  '@commitlint/format@21.2.0':
    dependencies:
      '@commitlint/types': 21.2.0
      picocolors: 1.1.1

  '@commitlint/is-ignored@21.2.0':
    dependencies:
      '@commitlint/types': 21.2.0
      semver: 7.8.5

  '@commitlint/lint@21.2.0':
    dependencies:
      '@commitlint/is-ignored': 21.2.0
      '@commitlint/parse': 21.2.0
      '@commitlint/rules': 21.2.0
      '@commitlint/types': 21.2.0

  '@commitlint/load@21.2.0(@types/node@25.6.0)(typescript@6.0.3)':
    dependencies:
      '@commitlint/config-validator': 21.2.0
      '@commitlint/execute-rule': 21.0.1
      '@commitlint/resolve-extends': 21.2.0
      '@commitlint/types': 21.2.0
      cosmiconfig: 9.0.2(typescript@6.0.3)
      cosmiconfig-typescript-loader: 6.3.0(@types/node@25.6.0)(cosmiconfig@9.0.2(typescript@6.0.3))(typescript@6.0.3)
      es-toolkit: 1.50.0
      is-plain-obj: 4.1.0
      picocolors: 1.1.1
    transitivePeerDependencies:
      - '@types/node'
      - typescript

  '@commitlint/message@21.2.0': {}

  '@commitlint/parse@21.2.0':
    dependencies:
      '@commitlint/types': 21.2.0
      conventional-changelog-angular: 9.2.1
      conventional-commits-parser: 7.1.2

  '@commitlint/read@21.2.1(conventional-commits-filter@6.0.1)(conventional-commits-parser@7.1.2)':
    dependencies:
      '@commitlint/top-level': 21.2.0
      '@commitlint/types': 21.2.0
      '@conventional-changelog/git-client': 3.1.0(conventional-commits-filter@6.0.1)(conventional-commits-parser@7.1.2)
      tinyexec: 1.3.0
    transitivePeerDependencies:
      - conventional-commits-filter
      - conventional-commits-parser

  '@commitlint/resolve-extends@21.2.0':
    dependencies:
      '@commitlint/config-validator': 21.2.0
      '@commitlint/types': 21.2.0
      es-toolkit: 1.50.0
      global-directory: 5.0.0
      resolve-from: 5.0.0

  '@commitlint/rules@21.2.0':
    dependencies:
      '@commitlint/ensure': 21.2.0
      '@commitlint/message': 21.2.0
      '@commitlint/to-lines': 21.0.1
      '@commitlint/types': 21.2.0

  '@commitlint/to-lines@21.0.1': {}

  '@commitlint/top-level@21.2.0':
    dependencies:
      escalade: 3.2.0

  '@commitlint/types@21.2.0':
    dependencies:
      conventional-commits-parser: 7.1.2
      picocolors: 1.1.1

  '@conventional-changelog/git-client@3.1.0(conventional-commits-filter@6.0.1)(conventional-commits-parser@7.1.2)':
    dependencies:
      '@simple-libs/child-process-utils': 2.0.0
      '@simple-libs/stream-utils': 2.0.0
      semver: 7.8.5
    optionalDependencies:
      conventional-commits-filter: 6.0.1
      conventional-commits-parser: 7.1.2

  '@conventional-changelog/template@1.2.1': {}

  '@nodable/entities@3.0.0': {}

  '@simple-libs/child-process-utils@2.0.0':
    dependencies:
      '@simple-libs/stream-utils': 2.0.0

  '@simple-libs/hosted-git-info@2.0.0': {}

  '@simple-libs/normalize-package-data@1.0.0':
    dependencies:
      '@simple-libs/hosted-git-info': 2.0.0
      semver: 7.8.5

  '@simple-libs/stream-utils@2.0.0': {}

  '@types/node@25.6.0':
    dependencies:
      undici-types: 7.19.2

  ajv@8.20.0:
    dependencies:
      fast-deep-equal: 3.1.3
      fast-uri: 3.1.5
      json-schema-traverse: 1.0.0
      require-from-string: 2.0.2

  ansi-regex@5.0.1: {}

  ansi-regex@6.2.2: {}

  ansi-styles@4.3.0:
    dependencies:
      color-convert: 2.0.1

  ansi-styles@6.2.3: {}

  anynum@1.0.1: {}

  argparse@2.0.1: {}

  argue-cli@3.1.0: {}

  balanced-match@1.0.2: {}

  brace-expansion@1.1.18:
    dependencies:
      balanced-match: 1.0.2
      concat-map: 0.0.1

  callsites@3.1.0: {}

  chalk@5.6.2: {}

  cliui@8.0.1:
    dependencies:
      string-width: 4.2.3
      strip-ansi: 6.0.1
      wrap-ansi: 7.0.0

  cliui@9.0.1:
    dependencies:
      string-width: 7.2.0
      strip-ansi: 7.2.0
      wrap-ansi: 9.0.2

  color-convert@2.0.1:
    dependencies:
      color-name: 1.1.4

  color-name@1.1.4: {}

  commit-and-tag-version@13.1.2(conventional-commits-filter@6.0.1)(conventional-commits-parser@7.1.2):
    dependencies:
      '@conventional-changelog/git-client': 3.1.0(conventional-commits-filter@6.0.1)(conventional-commits-parser@7.1.2)
      chalk: 5.6.2
      conventional-changelog: 8.1.0(conventional-commits-filter@6.0.1)
      conventional-changelog-config-spec: 2.1.0
      conventional-changelog-conventionalcommits: 10.2.1
      conventional-recommended-bump: 12.1.0
      detect-indent: 7.0.2
      detect-newline: 3.1.0
      dotgitignore: 2.1.0
      fast-xml-parser: 5.10.1
      figures: 3.2.0
      find-up: 5.0.0
      semver: 7.8.5
      yaml: 2.9.0
      yargs: 17.7.3
    transitivePeerDependencies:
      - conventional-commits-filter
      - conventional-commits-parser

  concat-map@0.0.1: {}

  conventional-changelog-angular@9.2.1:
    dependencies:
      '@conventional-changelog/template': 1.2.1

  conventional-changelog-config-spec@2.1.0: {}

  conventional-changelog-conventionalcommits@10.2.1:
    dependencies:
      '@conventional-changelog/template': 1.2.1

  conventional-changelog-preset-loader@6.0.1: {}

  conventional-changelog-writer@9.2.0:
    dependencies:
      '@conventional-changelog/template': 1.2.1
      '@simple-libs/stream-utils': 2.0.0
      argue-cli: 3.1.0
      conventional-commits-filter: 6.0.1
      semver: 7.8.5

  conventional-changelog@8.1.0(conventional-commits-filter@6.0.1):
    dependencies:
      '@conventional-changelog/git-client': 3.1.0(conventional-commits-filter@6.0.1)(conventional-commits-parser@7.1.2)
      '@simple-libs/hosted-git-info': 2.0.0
      '@simple-libs/normalize-package-data': 1.0.0
      argue-cli: 3.1.0
      conventional-changelog-preset-loader: 6.0.1
      conventional-changelog-writer: 9.2.0
      conventional-commits-parser: 7.1.2
      fd-package-json: 2.0.0
    transitivePeerDependencies:
      - conventional-commits-filter

  conventional-commits-filter@6.0.1: {}

  conventional-commits-parser@7.1.2:
    dependencies:
      '@simple-libs/stream-utils': 2.0.0
      argue-cli: 3.1.0

  conventional-recommended-bump@12.1.0:
    dependencies:
      '@conventional-changelog/git-client': 3.1.0(conventional-commits-filter@6.0.1)(conventional-commits-parser@7.1.2)
      argue-cli: 3.1.0
      conventional-changelog-preset-loader: 6.0.1
      conventional-commits-filter: 6.0.1
      conventional-commits-parser: 7.1.2

  cosmiconfig-typescript-loader@6.3.0(@types/node@25.6.0)(cosmiconfig@9.0.2(typescript@6.0.3))(typescript@6.0.3):
    dependencies:
      '@types/node': 25.6.0
      cosmiconfig: 9.0.2(typescript@6.0.3)
      jiti: 2.6.1
      typescript: 6.0.3

  cosmiconfig@9.0.2(typescript@6.0.3):
    dependencies:
      env-paths: 2.2.1
      import-fresh: 3.3.1
      js-yaml: 4.3.1
      parse-json: 5.2.0
    optionalDependencies:
      typescript: 6.0.3

  detect-indent@7.0.2: {}

  detect-newline@3.1.0: {}

  dotgitignore@2.1.0:
    dependencies:
      find-up: 3.0.0
      minimatch: 3.1.5

  emoji-regex@10.6.0: {}

  emoji-regex@8.0.0: {}

  env-paths@2.2.1: {}

  error-ex@1.3.4:
    dependencies:
      is-arrayish: 0.2.1

  es-toolkit@1.50.0: {}

  escalade@3.2.0: {}

  escape-string-regexp@1.0.5: {}

  fast-deep-equal@3.1.3: {}

  fast-uri@3.1.5: {}

  fast-xml-builder@1.3.0:
    dependencies:
      path-expression-matcher: 1.6.2
      xml-naming: 0.3.0

  fast-xml-parser@5.10.1:
    dependencies:
      '@nodable/entities': 3.0.0
      fast-xml-builder: 1.3.0
      is-unsafe: 2.0.0
      path-expression-matcher: 1.6.2
      strnum: 2.4.1
      xml-naming: 0.3.0

  fd-package-json@2.0.0:
    dependencies:
      walk-up-path: 4.0.0

  figures@3.2.0:
    dependencies:
      escape-string-regexp: 1.0.5

  find-up@3.0.0:
    dependencies:
      locate-path: 3.0.0

  find-up@5.0.0:
    dependencies:
      locate-path: 6.0.0
      path-exists: 4.0.0

  get-caller-file@2.0.5: {}

  get-east-asian-width@1.6.0: {}

  global-directory@5.0.0:
    dependencies:
      ini: 6.0.0

  import-fresh@3.3.1:
    dependencies:
      parent-module: 1.0.1
      resolve-from: 4.0.0

  ini@6.0.0: {}

  is-arrayish@0.2.1: {}

  is-fullwidth-code-point@3.0.0: {}

  is-plain-obj@4.1.0: {}

  is-unsafe@2.0.0: {}

  jiti@2.6.1: {}

  js-tokens@4.0.0: {}

  js-yaml@4.3.1:
    dependencies:
      argparse: 2.0.1

  json-parse-even-better-errors@2.3.1: {}

  json-schema-traverse@1.0.0: {}

  lines-and-columns@1.2.4: {}

  locate-path@3.0.0:
    dependencies:
      p-locate: 3.0.0
      path-exists: 3.0.0

  locate-path@6.0.0:
    dependencies:
      p-locate: 5.0.0

  minimatch@3.1.5:
    dependencies:
      brace-expansion: 1.1.18

  p-limit@2.3.0:
    dependencies:
      p-try: 2.2.0

  p-limit@3.1.0:
    dependencies:
      yocto-queue: 0.1.0

  p-locate@3.0.0:
    dependencies:
      p-limit: 2.3.0

  p-locate@5.0.0:
    dependencies:
      p-limit: 3.1.0

  p-try@2.2.0: {}

  parent-module@1.0.1:
    dependencies:
      callsites: 3.1.0

  parse-json@5.2.0:
    dependencies:
      '@babel/code-frame': 7.29.7
      error-ex: 1.3.4
      json-parse-even-better-errors: 2.3.1
      lines-and-columns: 1.2.4

  path-exists@3.0.0: {}

  path-exists@4.0.0: {}

  path-expression-matcher@1.6.2: {}

  picocolors@1.1.1: {}

  require-directory@2.1.1: {}

  require-from-string@2.0.2: {}

  resolve-from@4.0.0: {}

  resolve-from@5.0.0: {}

  semver@7.8.5: {}

  simple-git-hooks@2.13.1: {}

  string-width@4.2.3:
    dependencies:
      emoji-regex: 8.0.0
      is-fullwidth-code-point: 3.0.0
      strip-ansi: 6.0.1

  string-width@7.2.0:
    dependencies:
      emoji-regex: 10.6.0
      get-east-asian-width: 1.6.0
      strip-ansi: 7.2.0

  string-width@8.2.2:
    dependencies:
      get-east-asian-width: 1.6.0
      strip-ansi: 7.2.0

  strip-ansi@6.0.1:
    dependencies:
      ansi-regex: 5.0.1

  strip-ansi@7.2.0:
    dependencies:
      ansi-regex: 6.2.2

  strnum@2.4.1:
    dependencies:
      anynum: 1.0.1

  tinyexec@1.3.0: {}

  typescript@6.0.3: {}

  undici-types@7.19.2: {}

  walk-up-path@4.0.0: {}

  wrap-ansi@7.0.0:
    dependencies:
      ansi-styles: 4.3.0
      string-width: 4.2.3
      strip-ansi: 6.0.1

  wrap-ansi@9.0.2:
    dependencies:
      ansi-styles: 6.2.3
      string-width: 7.2.0
      strip-ansi: 7.2.0

  xml-naming@0.3.0: {}

  y18n@5.0.8: {}

  yaml@2.9.0: {}

  yargs-parser@21.1.1: {}

  yargs-parser@22.0.0: {}

  yargs@17.7.3:
    dependencies:
      cliui: 8.0.1
      escalade: 3.2.0
      get-caller-file: 2.0.5
      require-directory: 2.1.1
      string-width: 4.2.3
      y18n: 5.0.8
      yargs-parser: 21.1.1

  yargs@18.1.0:
    dependencies:
      cliui: 9.0.1
      escalade: 3.2.0
      get-caller-file: 2.0.5
      string-width: 8.2.2
      y18n: 5.0.8
      yargs-parser: 22.0.0

  yocto-queue@0.1.0: {}
